{
  "nodes": {
    "fenix": {
      "inputs": {
        "nixpkgs": [
          "nixpkgs"
        ],
        "rust-analyzer-src": "rust-analyzer-src"
      },
      "locked": {
        "lastModified": 1754030776,
        "narHash": "sha256-EA7Qh5OUc3tgYrLHfG7zU6wxltvWsJ0+sFxOcVsbjOY=",
        "rev": "451f184de2958f8e725acba046ec10670dd771a1",
        "revCount": 2342,
        "type": "tarball",
        "url": "https://api.flakehub.com/f/pinned/nix-community/fenix/0.1.2342%2Brev-451f184de2958f8e725acba046ec10670dd771a1/019864bb-9457-74e4-91eb-576a61bf0c54/source.tar.gz"
      },
      "original": {
        "type": "tarball",
        "url": "https://flakehub.com/f/nix-community/fenix/0.1"
      }
    },
    "nixpkgs": {
      "locked": {
        "lastModified": 1755186698,
        "narHash": "sha256-wNO3+Ks2jZJ4nTHMuks+cxAiVBGNuEBXsT29Bz6HASo=",
        "rev": "fbcf476f790d8a217c3eab4e12033dc4a0f6d23c",
        "revCount": 844474,
        "type": "tarball",
        "url": "https://api.flakehub.com/f/pinned/NixOS/nixpkgs/0.1.844474%2Brev-fbcf476f790d8a217c3eab4e12033dc4a0f6d23c/0198bda5-652a-7335-9dc6-4f65049b2b8c/source.tar.gz"
      },
      "original": {
        "type": "tarball",
        "url": "https://flakehub.com/f/NixOS/nixpkgs/0.1"
      }
    },
    "root": {
      "inputs": {
        "fenix": "fenix",
        "nixpkgs": "nixpkgs"
      }
    },
    "rust-analyzer-src": {
      "flake": false,
      "locked": {
        "lastModified": 1753974682,
        "narHash": "sha256-Ya4Ecj8JaKkapgYCCybzZBcypXpblhuG0hVDzdy2zyo=",
        "owner": "rust-lang",
        "repo": "rust-analyzer",
        "rev": "68e7ec90bf29c9b17d0dcdb3358de5dee7f4afb5",
        "type": "github"
      },
      "original": {
        "owner": "rust-lang",
        "ref": "nightly",
        "repo": "rust-analyzer",
        "type": "github"
      }
    }
  },
  "root": "root",
  "version": 7
}
